{
  "name": "prod-pe-mat-kar",
  "version": "0.1.0",
  "lockfileVersion": 3,
  "requires": true,
  "packages": {
    "": {
      "name": "prod-pe-mat-kar",
      "version": "0.1.0",
      "license": "MIT",
      "bin": {
        "prod-pe-mat-kar": "src/cli.js"
      },
      "engines": {
        "node": ">=18"
      }
    }
  }
}
